
Microsoft Visual Studio Solution File, Format Version 12.00
# Visual Studio Version 16
VisualStudioVersion = 16.0.32428.217
MinimumVisualStudioVersion = 10.0.40219.1
Project("{FAE04EC0-301F-11D3-BF4B-00C04F79EFBC}") = "LabBigSchool_HongHienVy", "LabBigSchool_HongHienVy\LabBigSchool_HongHienVy.csproj", "{51999F59-94E6-41DF-A90E-36402C09705B}"
EndProject
Global
	GlobalSection(SolutionConfigurationPlatforms) = preSolution
		Debug|Any CPU = Debug|Any CPU
		Release|Any CPU = Release|Any CPU
	EndGlobalSection
	GlobalSection(ProjectConfigurationPlatforms) = postSolution
		{51999F59-94E6-41DF-A90E-36402C09705B}.Debug|Any CPU.ActiveCfg = Debug|Any CPU
		{51999F59-94E6-41DF-A90E-36402C09705B}.Debug|Any CPU.Build.0 = Debug|Any CPU
		{51999F59-94E6-41DF-A90E-36402C09705B}.Release|Any CPU.ActiveCfg = Release|Any CPU
		{51999F59-94E6-41DF-A90E-36402C09705B}.Release|Any CPU.Build.0 = Release|Any CPU
	EndGlobalSection
	GlobalSection(SolutionProperties) = preSolution
		HideSolutionNode = FALSE
	EndGlobalSection
	GlobalSection(ExtensibilityGlobals) = postSolution
		SolutionGuid = {CBDF289A-03EF-4061-A5FB-6FDC80D0ED59}
	EndGlobalSection
EndGlobal
